// !$*UTF8*$!
{
	archiveVersion = 1;
	classes = {
	};
	objectVersion = 56;
	objects = {

/* Begin PBXBuildFile section */
		5336F2212B00E9F000755967 /* ItemSingolo.swift in Sources */ = {isa = PBXBuildFile; fileRef = 5336F2202B00E9F000755967 /* ItemSingolo.swift */; };
		5336F22B2B00FCCC00755967 /* Italiana-Regular.ttf in Resources */ = {isa = PBXBuildFile; fileRef = 5336F22A2B00FCCC00755967 /* Italiana-Regular.ttf */; };
		5336F2322B01034300755967 /* FirstAnnualyGemInf.swift in Sources */ = {isa = PBXBuildFile; fileRef = 5336F2312B01034300755967 /* FirstAnnualyGemInf.swift */; };
		5336F2382B01163D00755967 /* Hanuman-Thin.ttf in Resources */ = {isa = PBXBuildFile; fileRef = 5336F2332B01163C00755967 /* Hanuman-Thin.ttf */; };
		5336F2392B01163D00755967 /* Hanuman-Bold.ttf in Resources */ = {isa = PBXBuildFile; fileRef = 5336F2342B01163C00755967 /* Hanuman-Bold.ttf */; };
		5336F23A2B01163D00755967 /* Hanuman-Regular.ttf in Resources */ = {isa = PBXBuildFile; fileRef = 5336F2352B01163C00755967 /* Hanuman-Regular.ttf */; };
		5336F23B2B01163D00755967 /* Hanuman-Light.ttf in Resources */ = {isa = PBXBuildFile; fileRef = 5336F2362B01163D00755967 /* Hanuman-Light.ttf */; };
		5336F23C2B01163D00755967 /* Hanuman-Black.ttf in Resources */ = {isa = PBXBuildFile; fileRef = 5336F2372B01163D00755967 /* Hanuman-Black.ttf */; };
		5336F23F2B011EF800755967 /* ItemMateriaPrimoGem.swift in Sources */ = {isa = PBXBuildFile; fileRef = 5336F23E2B011EF800755967 /* ItemMateriaPrimoGem.swift */; };
		5336F2432B0133F700755967 /* SecondAnnualyGemInf.swift in Sources */ = {isa = PBXBuildFile; fileRef = 5336F2422B0133F700755967 /* SecondAnnualyGemInf.swift */; };
		5336F2462B01372000755967 /* MateriePreferite.swift in Sources */ = {isa = PBXBuildFile; fileRef = 5336F2452B01372000755967 /* MateriePreferite.swift */; };
		5336F2492B013BEF00755967 /* RendimentoMaterieSecondGem.swift in Sources */ = {isa = PBXBuildFile; fileRef = 5336F2482B013BEF00755967 /* RendimentoMaterieSecondGem.swift */; };
		5336F24D2B013E7400755967 /* GalleriaSecondoAnno.swift in Sources */ = {isa = PBXBuildFile; fileRef = 5336F24C2B013E7400755967 /* GalleriaSecondoAnno.swift */; };
		5338CE1A2B03B2E800A13F33 /* SfondoUserComponente.swift in Sources */ = {isa = PBXBuildFile; fileRef = 5338CE192B03B2E800A13F33 /* SfondoUserComponente.swift */; };
		5338CE1E2B03B34200A13F33 /* PrimoAnnoScreen.swift in Sources */ = {isa = PBXBuildFile; fileRef = 5338CE1D2B03B34200A13F33 /* PrimoAnnoScreen.swift */; };
		533D3C5E2AFFB0CB00FBF028 /* SelectionListUser.swift in Sources */ = {isa = PBXBuildFile; fileRef = 533D3C5D2AFFB0CB00FBF028 /* SelectionListUser.swift */; };
		537BDD572AF8D73D009E4822 /* App_Profile_StudenteApp.swift in Sources */ = {isa = PBXBuildFile; fileRef = 537BDD562AF8D73D009E4822 /* App_Profile_StudenteApp.swift */; };
		537BDD5B2AF8D73F009E4822 /* Assets.xcassets in Resources */ = {isa = PBXBuildFile; fileRef = 537BDD5A2AF8D73F009E4822 /* Assets.xcassets */; };
		537BDD5E2AF8D73F009E4822 /* Preview Assets.xcassets in Resources */ = {isa = PBXBuildFile; fileRef = 537BDD5D2AF8D73F009E4822 /* Preview Assets.xcassets */; };
		539ED44F2AF9331E00C5D8EC /* LoginUser.swift in Sources */ = {isa = PBXBuildFile; fileRef = 539ED44E2AF9331E00C5D8EC /* LoginUser.swift */; };
		53EA50142B021E360039D454 /* MaterieAntipatiche.swift in Sources */ = {isa = PBXBuildFile; fileRef = 53EA50132B021E360039D454 /* MaterieAntipatiche.swift */; };
		53EA50172B0220DF0039D454 /* SfondoUserGem.swift in Sources */ = {isa = PBXBuildFile; fileRef = 53EA50162B0220DF0039D454 /* SfondoUserGem.swift */; };
		53EA501A2B0221270039D454 /* InformazioniUserGem.swift in Sources */ = {isa = PBXBuildFile; fileRef = 53EA50192B0221270039D454 /* InformazioniUserGem.swift */; };
		53EA501D2B0221A30039D454 /* MateriePreferiteNegative.swift in Sources */ = {isa = PBXBuildFile; fileRef = 53EA501C2B0221A30039D454 /* MateriePreferiteNegative.swift */; };
		53EA50232B0223F40039D454 /* GalleriaFotograficaSecon.swift in Sources */ = {isa = PBXBuildFile; fileRef = 53EA50222B0223F40039D454 /* GalleriaFotograficaSecon.swift */; };
/* End PBXBuildFile section */

/* Begin PBXFileReference section */
		5336F2202B00E9F000755967 /* ItemSingolo.swift */ = {isa = PBXFileReference; lastKnownFileType = sourcecode.swift; path = ItemSingolo.swift; sourceTree = "<group>"; };
		5336F2272B00F95A00755967 /* Info.plist */ = {isa = PBXFileReference; lastKnownFileType = text.plist.xml; path = Info.plist; sourceTree = "<group>"; };
		5336F22A2B00FCCC00755967 /* Italiana-Regular.ttf */ = {isa = PBXFileReference; lastKnownFileType = file; path = "Italiana-Regular.ttf"; sourceTree = "<group>"; };
		5336F2312B01034300755967 /* FirstAnnualyGemInf.swift */ = {isa = PBXFileReference; lastKnownFileType = sourcecode.swift; path = FirstAnnualyGemInf.swift; sourceTree = "<group>"; };
		5336F2332B01163C00755967 /* Hanuman-Thin.ttf */ = {isa = PBXFileReference; lastKnownFileType = file; path = "Hanuman-Thin.ttf"; sourceTree = "<group>"; };
		5336F2342B01163C00755967 /* Hanuman-Bold.ttf */ = {isa = PBXFileReference; lastKnownFileType = file; path = "Hanuman-Bold.ttf"; sourceTree = "<group>"; };
		5336F2352B01163C00755967 /* Hanuman-Regular.ttf */ = {isa = PBXFileReference; lastKnownFileType = file; path = "Hanuman-Regular.ttf"; sourceTree = "<group>"; };
		5336F2362B01163D00755967 /* Hanuman-Light.ttf */ = {isa = PBXFileReference; lastKnownFileType = file; path = "Hanuman-Light.ttf"; sourceTree = "<group>"; };
		5336F2372B01163D00755967 /* Hanuman-Black.ttf */ = {isa = PBXFileReference; lastKnownFileType = file; path = "Hanuman-Black.ttf"; sourceTree = "<group>"; };
		5336F23E2B011EF800755967 /* ItemMateriaPrimoGem.swift */ = {isa = PBXFileReference; lastKnownFileType = sourcecode.swift; path = ItemMateriaPrimoGem.swift; sourceTree = "<group>"; };
		5336F2422B0133F700755967 /* SecondAnnualyGemInf.swift */ = {isa = PBXFileReference; lastKnownFileType = sourcecode.swift; path = SecondAnnualyGemInf.swift; sourceTree = "<group>"; };
		5336F2452B01372000755967 /* MateriePreferite.swift */ = {isa = PBXFileReference; lastKnownFileType = sourcecode.swift; path = MateriePreferite.swift; sourceTree = "<group>"; };
		5336F2482B013BEF00755967 /* RendimentoMaterieSecondGem.swift */ = {isa = PBXFileReference; lastKnownFileType = sourcecode.swift; path = RendimentoMaterieSecondGem.swift; sourceTree = "<group>"; };
		5336F24C2B013E7400755967 /* GalleriaSecondoAnno.swift */ = {isa = PBXFileReference; lastKnownFileType = sourcecode.swift; path = GalleriaSecondoAnno.swift; sourceTree = "<group>"; };
		5338CE192B03B2E800A13F33 /* SfondoUserComponente.swift */ = {isa = PBXFileReference; lastKnownFileType = sourcecode.swift; path = SfondoUserComponente.swift; sourceTree = "<group>"; };
		5338CE1D2B03B34200A13F33 /* PrimoAnnoScreen.swift */ = {isa = PBXFileReference; lastKnownFileType = sourcecode.swift; path = PrimoAnnoScreen.swift; sourceTree = "<group>"; };
		533D3C5D2AFFB0CB00FBF028 /* SelectionListUser.swift */ = {isa = PBXFileReference; lastKnownFileType = sourcecode.swift; path = SelectionListUser.swift; sourceTree = "<group>"; };
		537BDD532AF8D73D009E4822 /* App-Profile-Studente.app */ = {isa = PBXFileReference; explicitFileType = wrapper.application; includeInIndex = 0; path = "App-Profile-Studente.app"; sourceTree = BUILT_PRODUCTS_DIR; };
		537BDD562AF8D73D009E4822 /* App_Profile_StudenteApp.swift */ = {isa = PBXFileReference; lastKnownFileType = sourcecode.swift; path = App_Profile_StudenteApp.swift; sourceTree = "<group>"; };
		537BDD5A2AF8D73F009E4822 /* Assets.xcassets */ = {isa = PBXFileReference; lastKnownFileType = folder.assetcatalog; path = Assets.xcassets; sourceTree = "<group>"; };
		537BDD5D2AF8D73F009E4822 /* Preview Assets.xcassets */ = {isa = PBXFileReference; lastKnownFileType = folder.assetcatalog; path = "Preview Assets.xcassets"; sourceTree = "<group>"; };
		539ED44E2AF9331E00C5D8EC /* LoginUser.swift */ = {isa = PBXFileReference; lastKnownFileType = sourcecode.swift; path = LoginUser.swift; sourceTree = "<group>"; };
		53EA50132B021E360039D454 /* MaterieAntipatiche.swift */ = {isa = PBXFileReference; lastKnownFileType = sourcecode.swift; path = MaterieAntipatiche.swift; sourceTree = "<group>"; };
		53EA50162B0220DF0039D454 /* SfondoUserGem.swift */ = {isa = PBXFileReference; lastKnownFileType = sourcecode.swift; path = SfondoUserGem.swift; sourceTree = "<group>"; };
		53EA50192B0221270039D454 /* InformazioniUserGem.swift */ = {isa = PBXFileReference; lastKnownFileType = sourcecode.swift; path = InformazioniUserGem.swift; sourceTree = "<group>"; };
		53EA501C2B0221A30039D454 /* MateriePreferiteNegative.swift */ = {isa = PBXFileReference; lastKnownFileType = sourcecode.swift; path = MateriePreferiteNegative.swift; sourceTree = "<group>"; };
		53EA50222B0223F40039D454 /* GalleriaFotograficaSecon.swift */ = {isa = PBXFileReference; lastKnownFileType = sourcecode.swift; path = GalleriaFotograficaSecon.swift; sourceTree = "<group>"; };
/* End PBXFileReference section */

/* Begin PBXFrameworksBuildPhase section */
		537BDD502AF8D73D009E4822 /* Frameworks */ = {
			isa = PBXFrameworksBuildPhase;
			buildActionMask = 2147483647;
			files = (
			);
			runOnlyForDeploymentPostprocessing = 0;
		};
/* End PBXFrameworksBuildPhase section */

/* Begin PBXGroup section */
		5336F21D2B00E91500755967 /* itemSingolo */ = {
			isa = PBXGroup;
			children = (
				5336F2202B00E9F000755967 /* ItemSingolo.swift */,
			);
			path = itemSingolo;
			sourceTree = "<group>";
		};
		5336F2292B00FC5E00755967 /* Fonts */ = {
			isa = PBXGroup;
			children = (
				5336F2372B01163D00755967 /* Hanuman-Black.ttf */,
				5336F2342B01163C00755967 /* Hanuman-Bold.ttf */,
				5336F2362B01163D00755967 /* Hanuman-Light.ttf */,
				5336F2352B01163C00755967 /* Hanuman-Regular.ttf */,
				5336F2332B01163C00755967 /* Hanuman-Thin.ttf */,
				5336F22A2B00FCCC00755967 /* Italiana-Regular.ttf */,
			);
			path = Fonts;
			sourceTree = "<group>";
		};
		5336F22C2B0100F100755967 /* ScreenItemSelection */ = {
			isa = PBXGroup;
			children = (
				5336F22E2B01011000755967 /* GemmeInf */,
				5336F22D2B01010500755967 /* ITSMobile */,
			);
			path = ScreenItemSelection;
			sourceTree = "<group>";
		};
		5336F22D2B01010500755967 /* ITSMobile */ = {
			isa = PBXGroup;
			children = (
				5338CE1C2B03B32600A13F33 /* ClasseSecondoAnno */,
				5338CE1B2B03B31500A13F33 /* ClassePrimoAnno */,
				5338CE182B03B27F00A13F33 /* ComponenteComune */,
			);
			path = ITSMobile;
			sourceTree = "<group>";
		};
		5336F22E2B01011000755967 /* GemmeInf */ = {
			isa = PBXGroup;
			children = (
				5336F24B2B013E4900755967 /* GalleriaStudenteSecon */,
				53EA501B2B02217B0039D454 /* MateriePreferite */,
				5336F2472B013BCE00755967 /* rendimentoMaterie */,
				53EA50182B0221020039D454 /* InformazioniUser */,
				53EA50242B02247C0039D454 /* ComuneComponent */,
				5336F2402B0133CC00755967 /* SecondoAnno */,
				5336F22F2B01031300755967 /* PrimoAnno */,
			);
			path = GemmeInf;
			sourceTree = "<group>";
		};
		5336F22F2B01031300755967 /* PrimoAnno */ = {
			isa = PBXGroup;
			children = (
				5336F23D2B011EDD00755967 /* itemMaterie */,
				5336F2302B01032600755967 /* Screen */,
			);
			path = PrimoAnno;
			sourceTree = "<group>";
		};
		5336F2302B01032600755967 /* Screen */ = {
			isa = PBXGroup;
			children = (
				5336F2312B01034300755967 /* FirstAnnualyGemInf.swift */,
			);
			path = Screen;
			sourceTree = "<group>";
		};
		5336F23D2B011EDD00755967 /* itemMaterie */ = {
			isa = PBXGroup;
			children = (
				5336F23E2B011EF800755967 /* ItemMateriaPrimoGem.swift */,
			);
			path = itemMaterie;
			sourceTree = "<group>";
		};
		5336F2402B0133CC00755967 /* SecondoAnno */ = {
			isa = PBXGroup;
			children = (
				5336F2412B0133D600755967 /* Screen */,
			);
			path = SecondoAnno;
			sourceTree = "<group>";
		};
		5336F2412B0133D600755967 /* Screen */ = {
			isa = PBXGroup;
			children = (
				5336F2422B0133F700755967 /* SecondAnnualyGemInf.swift */,
			);
			path = Screen;
			sourceTree = "<group>";
		};
		5336F2442B01370B00755967 /* Materie */ = {
			isa = PBXGroup;
			children = (
				5336F2452B01372000755967 /* MateriePreferite.swift */,
				53EA50132B021E360039D454 /* MaterieAntipatiche.swift */,
			);
			path = Materie;
			sourceTree = "<group>";
		};
		5336F2472B013BCE00755967 /* rendimentoMaterie */ = {
			isa = PBXGroup;
			children = (
				5336F2482B013BEF00755967 /* RendimentoMaterieSecondGem.swift */,
			);
			path = rendimentoMaterie;
			sourceTree = "<group>";
		};
		5336F24B2B013E4900755967 /* GalleriaStudenteSecon */ = {
			isa = PBXGroup;
			children = (
				53EA50212B0223D10039D454 /* Galleria */,
				5336F24C2B013E7400755967 /* GalleriaSecondoAnno.swift */,
			);
			path = GalleriaStudenteSecon;
			sourceTree = "<group>";
		};
		5338CE182B03B27F00A13F33 /* ComponenteComune */ = {
			isa = PBXGroup;
			children = (
				5338CE192B03B2E800A13F33 /* SfondoUserComponente.swift */,
			);
			path = ComponenteComune;
			sourceTree = "<group>";
		};
		5338CE1B2B03B31500A13F33 /* ClassePrimoAnno */ = {
			isa = PBXGroup;
			children = (
				5338CE1D2B03B34200A13F33 /* PrimoAnnoScreen.swift */,
			);
			path = ClassePrimoAnno;
			sourceTree = "<group>";
		};
		5338CE1C2B03B32600A13F33 /* ClasseSecondoAnno */ = {
			isa = PBXGroup;
			children = (
			);
			path = ClasseSecondoAnno;
			sourceTree = "<group>";
		};
		533D3C5C2AFFB0A800FBF028 /* Selezione */ = {
			isa = PBXGroup;
			children = (
				5336F21D2B00E91500755967 /* itemSingolo */,
				533D3C5D2AFFB0CB00FBF028 /* SelectionListUser.swift */,
			);
			path = Selezione;
			sourceTree = "<group>";
		};
		537BDD4A2AF8D73D009E4822 = {
			isa = PBXGroup;
			children = (
				537BDD552AF8D73D009E4822 /* App-Profile-Studente */,
				537BDD542AF8D73D009E4822 /* Products */,
			);
			sourceTree = "<group>";
		};
		537BDD542AF8D73D009E4822 /* Products */ = {
			isa = PBXGroup;
			children = (
				537BDD532AF8D73D009E4822 /* App-Profile-Studente.app */,
			);
			name = Products;
			sourceTree = "<group>";
		};
		537BDD552AF8D73D009E4822 /* App-Profile-Studente */ = {
			isa = PBXGroup;
			children = (
				5336F2292B00FC5E00755967 /* Fonts */,
				5336F2272B00F95A00755967 /* Info.plist */,
				539ED4452AF931CB00C5D8EC /* Features */,
				537BDD562AF8D73D009E4822 /* App_Profile_StudenteApp.swift */,
				537BDD5A2AF8D73F009E4822 /* Assets.xcassets */,
				537BDD5C2AF8D73F009E4822 /* Preview Content */,
			);
			path = "App-Profile-Studente";
			sourceTree = "<group>";
		};
		537BDD5C2AF8D73F009E4822 /* Preview Content */ = {
			isa = PBXGroup;
			children = (
				537BDD5D2AF8D73F009E4822 /* Preview Assets.xcassets */,
			);
			path = "Preview Content";
			sourceTree = "<group>";
		};
		539ED4452AF931CB00C5D8EC /* Features */ = {
			isa = PBXGroup;
			children = (
				5336F22C2B0100F100755967 /* ScreenItemSelection */,
				539ED44C2AF932CE00C5D8EC /* SceltaUser */,
				539ED4472AF931F600C5D8EC /* AccessUsers */,
			);
			path = Features;
			sourceTree = "<group>";
		};
		539ED4472AF931F600C5D8EC /* AccessUsers */ = {
			isa = PBXGroup;
			children = (
				539ED4492AF9321D00C5D8EC /* RecoveryCredential */,
				539ED4482AF9320C00C5D8EC /* Login */,
			);
			path = AccessUsers;
			sourceTree = "<group>";
		};
		539ED4482AF9320C00C5D8EC /* Login */ = {
			isa = PBXGroup;
			children = (
				539ED44D2AF932F100C5D8EC /* Screen */,
			);
			path = Login;
			sourceTree = "<group>";
		};
		539ED4492AF9321D00C5D8EC /* RecoveryCredential */ = {
			isa = PBXGroup;
			children = (
				539ED44B2AF932A800C5D8EC /* RecoverySchool */,
				539ED44A2AF9329800C5D8EC /* RecoveryPassword */,
			);
			path = RecoveryCredential;
			sourceTree = "<group>";
		};
		539ED44A2AF9329800C5D8EC /* RecoveryPassword */ = {
			isa = PBXGroup;
			children = (
			);
			path = RecoveryPassword;
			sourceTree = "<group>";
		};
		539ED44B2AF932A800C5D8EC /* RecoverySchool */ = {
			isa = PBXGroup;
			children = (
			);
			path = RecoverySchool;
			sourceTree = "<group>";
		};
		539ED44C2AF932CE00C5D8EC /* SceltaUser */ = {
			isa = PBXGroup;
			children = (
				533D3C5C2AFFB0A800FBF028 /* Selezione */,
			);
			path = SceltaUser;
			sourceTree = "<group>";
		};
		539ED44D2AF932F100C5D8EC /* Screen */ = {
			isa = PBXGroup;
			children = (
				539ED44E2AF9331E00C5D8EC /* LoginUser.swift */,
			);
			path = Screen;
			sourceTree = "<group>";
		};
		53EA50152B0220C60039D454 /* SfondoUser */ = {
			isa = PBXGroup;
			children = (
				53EA50162B0220DF0039D454 /* SfondoUserGem.swift */,
			);
			path = SfondoUser;
			sourceTree = "<group>";
		};
		53EA50182B0221020039D454 /* InformazioniUser */ = {
			isa = PBXGroup;
			children = (
				53EA50192B0221270039D454 /* InformazioniUserGem.swift */,
			);
			path = InformazioniUser;
			sourceTree = "<group>";
		};
		53EA501B2B02217B0039D454 /* MateriePreferite */ = {
			isa = PBXGroup;
			children = (
				5336F2442B01370B00755967 /* Materie */,
				53EA501C2B0221A30039D454 /* MateriePreferiteNegative.swift */,
			);
			path = MateriePreferite;
			sourceTree = "<group>";
		};
		53EA50212B0223D10039D454 /* Galleria */ = {
			isa = PBXGroup;
			children = (
				53EA50222B0223F40039D454 /* GalleriaFotograficaSecon.swift */,
			);
			path = Galleria;
			sourceTree = "<group>";
		};
		53EA50242B02247C0039D454 /* ComuneComponent */ = {
			isa = PBXGroup;
			children = (
				53EA50152B0220C60039D454 /* SfondoUser */,
			);
			path = ComuneComponent;
			sourceTree = "<group>";
		};
/* End PBXGroup section */

/* Begin PBXNativeTarget section */
		537BDD522AF8D73D009E4822 /* App-Profile-Studente */ = {
			isa = PBXNativeTarget;
			buildConfigurationList = 537BDD612AF8D73F009E4822 /* Build configuration list for PBXNativeTarget "App-Profile-Studente" */;
			buildPhases = (
				537BDD4F2AF8D73D009E4822 /* Sources */,
				537BDD502AF8D73D009E4822 /* Frameworks */,
				537BDD512AF8D73D009E4822 /* Resources */,
			);
			buildRules = (
			);
			dependencies = (
			);
			name = "App-Profile-Studente";
			productName = "App-Profile-Studente";
			productReference = 537BDD532AF8D73D009E4822 /* App-Profile-Studente.app */;
			productType = "com.apple.product-type.application";
		};
/* End PBXNativeTarget section */

/* Begin PBXProject section */
		537BDD4B2AF8D73D009E4822 /* Project object */ = {
			isa = PBXProject;
			attributes = {
				BuildIndependentTargetsInParallel = 1;
				LastSwiftUpdateCheck = 1500;
				LastUpgradeCheck = 1500;
				TargetAttributes = {
					537BDD522AF8D73D009E4822 = {
						CreatedOnToolsVersion = 15.0.1;
					};
				};
			};
			buildConfigurationList = 537BDD4E2AF8D73D009E4822 /* Build configuration list for PBXProject "App-Profile-Studente" */;
			compatibilityVersion = "Xcode 14.0";
			developmentRegion = en;
			hasScannedForEncodings = 0;
			knownRegions = (
				en,
				Base,
			);
			mainGroup = 537BDD4A2AF8D73D009E4822;
			productRefGroup = 537BDD542AF8D73D009E4822 /* Products */;
			projectDirPath = "";
			projectRoot = "";
			targets = (
				537BDD522AF8D73D009E4822 /* App-Profile-Studente */,
			);
		};
/* End PBXProject section */

/* Begin PBXResourcesBuildPhase section */
		537BDD512AF8D73D009E4822 /* Resources */ = {
			isa = PBXResourcesBuildPhase;
			buildActionMask = 2147483647;
			files = (
				5336F2382B01163D00755967 /* Hanuman-Thin.ttf in Resources */,
				537BDD5E2AF8D73F009E4822 /* Preview Assets.xcassets in Resources */,
				5336F23B2B01163D00755967 /* Hanuman-Light.ttf in Resources */,
				537BDD5B2AF8D73F009E4822 /* Assets.xcassets in Resources */,
				5336F2392B01163D00755967 /* Hanuman-Bold.ttf in Resources */,
				5336F23A2B01163D00755967 /* Hanuman-Regular.ttf in Resources */,
				5336F22B2B00FCCC00755967 /* Italiana-Regular.ttf in Resources */,
				5336F23C2B01163D00755967 /* Hanuman-Black.ttf in Resources */,
			);
			runOnlyForDeploymentPostprocessing = 0;
		};
/* End PBXResourcesBuildPhase section */

/* Begin PBXSourcesBuildPhase section */
		537BDD4F2AF8D73D009E4822 /* Sources */ = {
			isa = PBXSourcesBuildPhase;
			buildActionMask = 2147483647;
			files = (
				5336F23F2B011EF800755967 /* ItemMateriaPrimoGem.swift in Sources */,
				5336F2492B013BEF00755967 /* RendimentoMaterieSecondGem.swift in Sources */,
				5336F24D2B013E7400755967 /* GalleriaSecondoAnno.swift in Sources */,
				539ED44F2AF9331E00C5D8EC /* LoginUser.swift in Sources */,
				5336F2432B0133F700755967 /* SecondAnnualyGemInf.swift in Sources */,
				533D3C5E2AFFB0CB00FBF028 /* SelectionListUser.swift in Sources */,
				5336F2322B01034300755967 /* FirstAnnualyGemInf.swift in Sources */,
				5338CE1A2B03B2E800A13F33 /* SfondoUserComponente.swift in Sources */,
				53EA50232B0223F40039D454 /* GalleriaFotograficaSecon.swift in Sources */,
				53EA50172B0220DF0039D454 /* SfondoUserGem.swift in Sources */,
				53EA50142B021E360039D454 /* MaterieAntipatiche.swift in Sources */,
				5336F2212B00E9F000755967 /* ItemSingolo.swift in Sources */,
				5336F2462B01372000755967 /* MateriePreferite.swift in Sources */,
				5338CE1E2B03B34200A13F33 /* PrimoAnnoScreen.swift in Sources */,
				537BDD572AF8D73D009E4822 /* App_Profile_StudenteApp.swift in Sources */,
				53EA501A2B0221270039D454 /* InformazioniUserGem.swift in Sources */,
				53EA501D2B0221A30039D454 /* MateriePreferiteNegative.swift in Sources */,
			);
			runOnlyForDeploymentPostprocessing = 0;
		};
/* End PBXSourcesBuildPhase section */

/* Begin XCBuildConfiguration section */
		537BDD5F2AF8D73F009E4822 /* Debug */ = {
			isa = XCBuildConfiguration;
			buildSettings = {
				ALWAYS_SEARCH_USER_PATHS = NO;
				ASSETCATALOG_COMPILER_GENERATE_SWIFT_ASSET_SYMBOL_EXTENSIONS = YES;
				CLANG_ANALYZER_NONNULL = YES;
				CLANG_ANALYZER_NUMBER_OBJECT_CONVERSION = YES_AGGRESSIVE;
				CLANG_CXX_LANGUAGE_STANDARD = "gnu++20";
				CLANG_ENABLE_MODULES = YES;
				CLANG_ENABLE_OBJC_ARC = YES;
				CLANG_ENABLE_OBJC_WEAK = YES;
				CLANG_WARN_BLOCK_CAPTURE_AUTORELEASING = YES;
				CLANG_WARN_BOOL_CONVERSION = YES;
				CLANG_WARN_COMMA = YES;
				CLANG_WARN_CONSTANT_CONVERSION = YES;
				CLANG_WARN_DEPRECATED_OBJC_IMPLEMENTATIONS = YES;
				CLANG_WARN_DIRECT_OBJC_ISA_USAGE = YES_ERROR;
				CLANG_WARN_DOCUMENTATION_COMMENTS = YES;
				CLANG_WARN_EMPTY_BODY = YES;
				CLANG_WARN_ENUM_CONVERSION = YES;
				CLANG_WARN_INFINITE_RECURSION = YES;
				CLANG_WARN_INT_CONVERSION = YES;
				CLANG_WARN_NON_LITERAL_NULL_CONVERSION = YES;
				CLANG_WARN_OBJC_IMPLICIT_RETAIN_SELF = YES;
				CLANG_WARN_OBJC_LITERAL_CONVERSION = YES;
				CLANG_WARN_OBJC_ROOT_CLASS = YES_ERROR;
				CLANG_WARN_QUOTED_INCLUDE_IN_FRAMEWORK_HEADER = YES;
				CLANG_WARN_RANGE_LOOP_ANALYSIS = YES;
				CLANG_WARN_STRICT_PROTOTYPES = YES;
				CLANG_WARN_SUSPICIOUS_MOVE = YES;
				CLANG_WARN_UNGUARDED_AVAILABILITY = YES_AGGRESSIVE;
				CLANG_WARN_UNREACHABLE_CODE = YES;
				CLANG_WARN__DUPLICATE_METHOD_MATCH = YES;
				COPY_PHASE_STRIP = NO;
				DEBUG_INFORMATION_FORMAT = dwarf;
				ENABLE_STRICT_OBJC_MSGSEND = YES;
				ENABLE_TESTABILITY = YES;
				ENABLE_USER_SCRIPT_SANDBOXING = YES;
				GCC_C_LANGUAGE_STANDARD = gnu17;
				GCC_DYNAMIC_NO_PIC = NO;
				GCC_NO_COMMON_BLOCKS = YES;
				GCC_OPTIMIZATION_LEVEL = 0;
				GCC_PREPROCESSOR_DEFINITIONS = (
					"DEBUG=1",
					"$(inherited)",
				);
				GCC_WARN_64_TO_32_BIT_CONVERSION = YES;
				GCC_WARN_ABOUT_RETURN_TYPE = YES_ERROR;
				GCC_WARN_UNDECLARED_SELECTOR = YES;
				GCC_WARN_UNINITIALIZED_AUTOS = YES_AGGRESSIVE;
				GCC_WARN_UNUSED_FUNCTION = YES;
				GCC_WARN_UNUSED_VARIABLE = YES;
				IPHONEOS_DEPLOYMENT_TARGET = 17.0;
				LOCALIZATION_PREFERS_STRING_CATALOGS = YES;
				MTL_ENABLE_DEBUG_INFO = INCLUDE_SOURCE;
				MTL_FAST_MATH = YES;
				ONLY_ACTIVE_ARCH = YES;
				SDKROOT = iphoneos;
				SWIFT_ACTIVE_COMPILATION_CONDITIONS = "DEBUG $(inherited)";
				SWIFT_OPTIMIZATION_LEVEL = "-Onone";
			};
			name = Debug;
		};
		537BDD602AF8D73F009E4822 /* Release */ = {
			isa = XCBuildConfiguration;
			buildSettings = {
				ALWAYS_SEARCH_USER_PATHS = NO;
				ASSETCATALOG_COMPILER_GENERATE_SWIFT_ASSET_SYMBOL_EXTENSIONS = YES;
				CLANG_ANALYZER_NONNULL = YES;
				CLANG_ANALYZER_NUMBER_OBJECT_CONVERSION = YES_AGGRESSIVE;
				CLANG_CXX_LANGUAGE_STANDARD = "gnu++20";
				CLANG_ENABLE_MODULES = YES;
				CLANG_ENABLE_OBJC_ARC = YES;
				CLANG_ENABLE_OBJC_WEAK = YES;
				CLANG_WARN_BLOCK_CAPTURE_AUTORELEASING = YES;
				CLANG_WARN_BOOL_CONVERSION = YES;
				CLANG_WARN_COMMA = YES;
				CLANG_WARN_CONSTANT_CONVERSION = YES;
				CLANG_WARN_DEPRECATED_OBJC_IMPLEMENTATIONS = YES;
				CLANG_WARN_DIRECT_OBJC_ISA_USAGE = YES_ERROR;
				CLANG_WARN_DOCUMENTATION_COMMENTS = YES;
				CLANG_WARN_EMPTY_BODY = YES;
				CLANG_WARN_ENUM_CONVERSION = YES;
				CLANG_WARN_INFINITE_RECURSION = YES;
				CLANG_WARN_INT_CONVERSION = YES;
				CLANG_WARN_NON_LITERAL_NULL_CONVERSION = YES;
				CLANG_WARN_OBJC_IMPLICIT_RETAIN_SELF = YES;
				CLANG_WARN_OBJC_LITERAL_CONVERSION = YES;
				CLANG_WARN_OBJC_ROOT_CLASS = YES_ERROR;
				CLANG_WARN_QUOTED_INCLUDE_IN_FRAMEWORK_HEADER = YES;
				CLANG_WARN_RANGE_LOOP_ANALYSIS = YES;
				CLANG_WARN_STRICT_PROTOTYPES = YES;
				CLANG_WARN_SUSPICIOUS_MOVE = YES;
				CLANG_WARN_UNGUARDED_AVAILABILITY = YES_AGGRESSIVE;
				CLANG_WARN_UNREACHABLE_CODE = YES;
				CLANG_WARN__DUPLICATE_METHOD_MATCH = YES;
				COPY_PHASE_STRIP = NO;
				DEBUG_INFORMATION_FORMAT = "dwarf-with-dsym";
				ENABLE_NS_ASSERTIONS = NO;
				ENABLE_STRICT_OBJC_MSGSEND = YES;
				ENABLE_USER_SCRIPT_SANDBOXING = YES;
				GCC_C_LANGUAGE_STANDARD = gnu17;
				GCC_NO_COMMON_BLOCKS = YES;
				GCC_WARN_64_TO_32_BIT_CONVERSION = YES;
				GCC_WARN_ABOUT_RETURN_TYPE = YES_ERROR;
				GCC_WARN_UNDECLARED_SELECTOR = YES;
				GCC_WARN_UNINITIALIZED_AUTOS = YES_AGGRESSIVE;
				GCC_WARN_UNUSED_FUNCTION = YES;
				GCC_WARN_UNUSED_VARIABLE = YES;
				IPHONEOS_DEPLOYMENT_TARGET = 17.0;
				LOCALIZATION_PREFERS_STRING_CATALOGS = YES;
				MTL_ENABLE_DEBUG_INFO = NO;
				MTL_FAST_MATH = YES;
				SDKROOT = iphoneos;
				SWIFT_COMPILATION_MODE = wholemodule;
				VALIDATE_PRODUCT = YES;
			};
			name = Release;
		};
		537BDD622AF8D73F009E4822 /* Debug */ = {
			isa = XCBuildConfiguration;
			buildSettings = {
				ASSETCATALOG_COMPILER_APPICON_NAME = AppIcon;
				ASSETCATALOG_COMPILER_GLOBAL_ACCENT_COLOR_NAME = AccentColor;
				CODE_SIGN_STYLE = Automatic;
				CURRENT_PROJECT_VERSION = 1;
				DEVELOPMENT_ASSET_PATHS = "\"App-Profile-Studente/Preview Content\"";
				ENABLE_PREVIEWS = YES;
				GENERATE_INFOPLIST_FILE = YES;
				INFOPLIST_FILE = "App-Profile-Studente/Info.plist";
				INFOPLIST_KEY_UIApplicationSceneManifest_Generation = YES;
				INFOPLIST_KEY_UIApplicationSupportsIndirectInputEvents = YES;
				INFOPLIST_KEY_UILaunchScreen_Generation = YES;
				INFOPLIST_KEY_UISupportedInterfaceOrientations_iPad = "UIInterfaceOrientationPortrait UIInterfaceOrientationPortraitUpsideDown UIInterfaceOrientationLandscapeLeft UIInterfaceOrientationLandscapeRight";
				INFOPLIST_KEY_UISupportedInterfaceOrientations_iPhone = "UIInterfaceOrientationPortrait UIInterfaceOrientationLandscapeLeft UIInterfaceOrientationLandscapeRight";
				LD_RUNPATH_SEARCH_PATHS = (
					"$(inherited)",
					"@executable_path/Frameworks",
				);
				MARKETING_VERSION = 1.0;
				PRODUCT_BUNDLE_IDENTIFIER = "myself.App-Profile-Studente";
				PRODUCT_NAME = "$(TARGET_NAME)";
				SUPPORTED_PLATFORMS = "iphoneos iphonesimulator";
				SUPPORTS_MACCATALYST = NO;
				SUPPORTS_MAC_DESIGNED_FOR_IPHONE_IPAD = NO;
				SWIFT_EMIT_LOC_STRINGS = YES;
				SWIFT_VERSION = 5.0;
				TARGETED_DEVICE_FAMILY = 1;
			};
			name = Debug;
		};
		537BDD632AF8D73F009E4822 /* Release */ = {
			isa = XCBuildConfiguration;
			buildSettings = {
				ASSETCATALOG_COMPILER_APPICON_NAME = AppIcon;
				ASSETCATALOG_COMPILER_GLOBAL_ACCENT_COLOR_NAME = AccentColor;
				CODE_SIGN_STYLE = Automatic;
				CURRENT_PROJECT_VERSION = 1;
				DEVELOPMENT_ASSET_PATHS = "\"App-Profile-Studente/Preview Content\"";
				ENABLE_PREVIEWS = YES;
				GENERATE_INFOPLIST_FILE = YES;
				INFOPLIST_FILE = "App-Profile-Studente/Info.plist";
				INFOPLIST_KEY_UIApplicationSceneManifest_Generation = YES;
				INFOPLIST_KEY_UIApplicationSupportsIndirectInputEvents = YES;
				INFOPLIST_KEY_UILaunchScreen_Generation = YES;
				INFOPLIST_KEY_UISupportedInterfaceOrientations_iPad = "UIInterfaceOrientationPortrait UIInterfaceOrientationPortraitUpsideDown UIInterfaceOrientationLandscapeLeft UIInterfaceOrientationLandscapeRight";
				INFOPLIST_KEY_UISupportedInterfaceOrientations_iPhone = "UIInterfaceOrientationPortrait UIInterfaceOrientationLandscapeLeft UIInterfaceOrientationLandscapeRight";
				LD_RUNPATH_SEARCH_PATHS = (
					"$(inherited)",
					"@executable_path/Frameworks",
				);
				MARKETING_VERSION = 1.0;
				PRODUCT_BUNDLE_IDENTIFIER = "myself.App-Profile-Studente";
				PRODUCT_NAME = "$(TARGET_NAME)";
				SUPPORTED_PLATFORMS = "iphoneos iphonesimulator";
				SUPPORTS_MACCATALYST = NO;
				SUPPORTS_MAC_DESIGNED_FOR_IPHONE_IPAD = NO;
				SWIFT_EMIT_LOC_STRINGS = YES;
				SWIFT_VERSION = 5.0;
				TARGETED_DEVICE_FAMILY = 1;
			};
			name = Release;
		};
/* End XCBuildConfiguration section */

/* Begin XCConfigurationList section */
		537BDD4E2AF8D73D009E4822 /* Build configuration list for PBXProject "App-Profile-Studente" */ = {
			isa = XCConfigurationList;
			buildConfigurations = (
				537BDD5F2AF8D73F009E4822 /* Debug */,
				537BDD602AF8D73F009E4822 /* Release */,
			);
			defaultConfigurationIsVisible = 0;
			defaultConfigurationName = Release;
		};
		537BDD612AF8D73F009E4822 /* Build configuration list for PBXNativeTarget "App-Profile-Studente" */ = {
			isa = XCConfigurationList;
			buildConfigurations = (
				537BDD622AF8D73F009E4822 /* Debug */,
				537BDD632AF8D73F009E4822 /* Release */,
			);
			defaultConfigurationIsVisible = 0;
			defaultConfigurationName = Release;
		};
/* End XCConfigurationList section */
	};
	rootObject = 537BDD4B2AF8D73D009E4822 /* Project object */;
}
